
Microsoft Visual Studio Solution File, Format Version 12.00
# Visual Studio Version 17
VisualStudioVersion = 17.4.33103.184
MinimumVisualStudioVersion = 10.0.40219.1
Project("{9A19103F-16F7-4668-BE54-9A1E7A4F7556}") = "AoC.One", "AoC.One\AoC.One.csproj", "{040F5CEB-B765-4277-B15C-86C77925661A}"
EndProject
Project("{FAE04EC0-301F-11D3-BF4B-00C04F79EFBC}") = "Utilities", "Utilities\Utilities.csproj", "{87E130F4-7EBA-4603-A013-31BA66F724BB}"
EndProject
Global
	GlobalSection(SolutionConfigurationPlatforms) = preSolution
		Debug|Any CPU = Debug|Any CPU
		Release|Any CPU = Release|Any CPU
	EndGlobalSection
	GlobalSection(ProjectConfigurationPlatforms) = postSolution
		{040F5CEB-B765-4277-B15C-86C77925661A}.Debug|Any CPU.ActiveCfg = Debug|Any CPU
		{040F5CEB-B765-4277-B15C-86C77925661A}.Debug|Any CPU.Build.0 = Debug|Any CPU
		{040F5CEB-B765-4277-B15C-86C77925661A}.Release|Any CPU.ActiveCfg = Release|Any CPU
		{040F5CEB-B765-4277-B15C-86C77925661A}.Release|Any CPU.Build.0 = Release|Any CPU
		{87E130F4-7EBA-4603-A013-31BA66F724BB}.Debug|Any CPU.ActiveCfg = Debug|Any CPU
		{87E130F4-7EBA-4603-A013-31BA66F724BB}.Debug|Any CPU.Build.0 = Debug|Any CPU
		{87E130F4-7EBA-4603-A013-31BA66F724BB}.Release|Any CPU.ActiveCfg = Release|Any CPU
		{87E130F4-7EBA-4603-A013-31BA66F724BB}.Release|Any CPU.Build.0 = Release|Any CPU
	EndGlobalSection
	GlobalSection(SolutionProperties) = preSolution
		HideSolutionNode = FALSE
	EndGlobalSection
	GlobalSection(ExtensibilityGlobals) = postSolution
		SolutionGuid = {6D809E28-FEC1-424D-B99D-50C988F3FF1D}
	EndGlobalSection
EndGlobal
